// !$*UTF8*$!
{
	archiveVersion = 1;
	classes = {
	};
	objectVersion = 50;
	objects = {

/* Begin PBXBuildFile section */
		BD6EFDE62782C8D300281D86 /* AppDelegate.swift in Sources */ = {isa = PBXBuildFile; fileRef = BD6EFDE52782C8D300281D86 /* AppDelegate.swift */; };
		BD6EFDE82782C8D300281D86 /* SceneDelegate.swift in Sources */ = {isa = PBXBuildFile; fileRef = BD6EFDE72782C8D300281D86 /* SceneDelegate.swift */; };
		BD6EFDEA2782C8D300281D86 /* ViewController.swift in Sources */ = {isa = PBXBuildFile; fileRef = BD6EFDE92782C8D300281D86 /* ViewController.swift */; };
		BD6EFDED2782C8D300281D86 /* Main.storyboard in Resources */ = {isa = PBXBuildFile; fileRef = BD6EFDEB2782C8D300281D86 /* Main.storyboard */; };
		BD6EFDEF2782C8D300281D86 /* Assets.xcassets in Resources */ = {isa = PBXBuildFile; fileRef = BD6EFDEE2782C8D300281D86 /* Assets.xcassets */; };
		BD6EFDF22782C8D300281D86 /* LaunchScreen.storyboard in Resources */ = {isa = PBXBuildFile; fileRef = BD6EFDF02782C8D300281D86 /* LaunchScreen.storyboard */; };
/* End PBXBuildFile section */

/* Begin PBXFileReference section */
		BD6EFDE22782C8D300281D86 /* rokuontest.app */ = {isa = PBXFileReference; explicitFileType = wrapper.application; includeInIndex = 0; path = rokuontest.app; sourceTree = BUILT_PRODUCTS_DIR; };
		BD6EFDE52782C8D300281D86 /* AppDelegate.swift */ = {isa = PBXFileReference; lastKnownFileType = sourcecode.swift; path = AppDelegate.swift; sourceTree = "<group>"; };
		BD6EFDE72782C8D300281D86 /* SceneDelegate.swift */ = {isa = PBXFileReference; lastKnownFileType = sourcecode.swift; path = SceneDelegate.swift; sourceTree = "<group>"; };
		BD6EFDE92782C8D300281D86 /* ViewController.swift */ = {isa = PBXFileReference; lastKnownFileType = sourcecode.swift; path = ViewController.swift; sourceTree = "<group>"; };
		BD6EFDEC2782C8D300281D86 /* Base */ = {isa = PBXFileReference; lastKnownFileType = file.storyboard; name = Base; path = Base.lproj/Main.storyboard; sourceTree = "<group>"; };
		BD6EFDEE2782C8D300281D86 /* Assets.xcassets */ = {isa = PBXFileReference; lastKnownFileType = folder.assetcatalog; path = Assets.xcassets; sourceTree = "<group>"; };
		BD6EFDF12782C8D300281D86 /* Base */ = {isa = PBXFileReference; lastKnownFileType = file.storyboard; name = Base; path = Base.lproj/LaunchScreen.storyboard; sourceTree = "<group>"; };
		BD6EFDF32782C8D300281D86 /* Info.plist */ = {isa = PBXFileReference; lastKnownFileType = text.plist.xml; path = Info.plist; sourceTree = "<group>"; };
/* End PBXFileReference section */

/* Begin PBXFrameworksBuildPhase section */
		BD6EFDDF2782C8D300281D86 /* Frameworks */ = {
			isa = PBXFrameworksBuildPhase;
			buildActionMask = 2147483647;
			files = (
			);
			runOnlyForDeploymentPostprocessing = 0;
		};
/* End PBXFrameworksBuildPhase section */

/* Begin PBXGroup section */
		BD6EFDD92782C8D300281D86 = {
			isa = PBXGroup;
			children = (
				BD6EFDE42782C8D300281D86 /* rokuontest */,
				BD6EFDE32782C8D300281D86 /* Products */,
			);
			sourceTree = "<group>";
		};
		BD6EFDE32782C8D300281D86 /* Products */ = {
			isa = PBXGroup;
			children = (
				BD6EFDE22782C8D300281D86 /* rokuontest.app */,
			);
			name = Products;
			sourceTree = "<group>";
		};
		BD6EFDE42782C8D300281D86 /* rokuontest */ = {
			isa = PBXGroup;
			children = (
				BD6EFDE52782C8D300281D86 /* AppDelegate.swift */,
				BD6EFDE72782C8D300281D86 /* SceneDelegate.swift */,
				BD6EFDE92782C8D300281D86 /* ViewController.swift */,
				BD6EFDEB2782C8D300281D86 /* Main.storyboard */,
				BD6EFDEE2782C8D300281D86 /* Assets.xcassets */,
				BD6EFDF02782C8D300281D86 /* LaunchScreen.storyboard */,
				BD6EFDF32782C8D300281D86 /* Info.plist */,
			);
			path = rokuontest;
			sourceTree = "<group>";
		};
/* End PBXGroup section */

/* Begin PBXNativeTarget section */
		BD6EFDE12782C8D300281D86 /* rokuontest */ = {
			isa = PBXNativeTarget;
			buildConfigurationList = BD6EFDF62782C8D300281D86 /* Build configuration list for PBXNativeTarget "rokuontest" */;
			buildPhases = (
				BD6EFDDE2782C8D300281D86 /* Sources */,
				BD6EFDDF2782C8D300281D86 /* Frameworks */,
				BD6EFDE02782C8D300281D86 /* Resources */,
			);
			buildRules = (
			);
			dependencies = (
			);
			name = rokuontest;
			productName = rokuontest;
			productReference = BD6EFDE22782C8D300281D86 /* rokuontest.app */;
			productType = "com.apple.product-type.application";
		};
/* End PBXNativeTarget section */

/* Begin PBXProject section */
		BD6EFDDA2782C8D300281D86 /* Project object */ = {
			isa = PBXProject;
			attributes = {
				LastSwiftUpdateCheck = 1250;
				LastUpgradeCheck = 1250;
				TargetAttributes = {
					BD6EFDE12782C8D300281D86 = {
						CreatedOnToolsVersion = 12.5.1;
					};
				};
			};
			buildConfigurationList = BD6EFDDD2782C8D300281D86 /* Build configuration list for PBXProject "rokuontest" */;
			compatibilityVersion = "Xcode 9.3";
			developmentRegion = en;
			hasScannedForEncodings = 0;
			knownRegions = (
				en,
				Base,
			);
			mainGroup = BD6EFDD92782C8D300281D86;
			productRefGroup = BD6EFDE32782C8D300281D86 /* Products */;
			projectDirPath = "";
			projectRoot = "";
			targets = (
				BD6EFDE12782C8D300281D86 /* rokuontest */,
			);
		};
/* End PBXProject section */

/* Begin PBXResourcesBuildPhase section */
		BD6EFDE02782C8D300281D86 /* Resources */ = {
			isa = PBXResourcesBuildPhase;
			buildActionMask = 2147483647;
			files = (
				BD6EFDF22782C8D300281D86 /* LaunchScreen.storyboard in Resources */,
				BD6EFDEF2782C8D300281D86 /* Assets.xcassets in Resources */,
				BD6EFDED2782C8D300281D86 /* Main.storyboard in Resources */,
			);
			runOnlyForDeploymentPostprocessing = 0;
		};
/* End PBXResourcesBuildPhase section */

/* Begin PBXSourcesBuildPhase section */
		BD6EFDDE2782C8D300281D86 /* Sources */ = {
			isa = PBXSourcesBuildPhase;
			buildActionMask = 2147483647;
			files = (
				BD6EFDEA2782C8D300281D86 /* ViewController.swift in Sources */,
				BD6EFDE62782C8D300281D86 /* AppDelegate.swift in Sources */,
				BD6EFDE82782C8D300281D86 /* SceneDelegate.swift in Sources */,
			);
			runOnlyForDeploymentPostprocessing = 0;
		};
/* End PBXSourcesBuildPhase section */

/* Begin PBXVariantGroup section */
		BD6EFDEB2782C8D300281D86 /* Main.storyboard */ = {
			isa = PBXVariantGroup;
			children = (
				BD6EFDEC2782C8D300281D86 /* Base */,
			);
			name = Main.storyboard;
			sourceTree = "<group>";
		};
		BD6EFDF02782C8D300281D86 /* LaunchScreen.storyboard */ = {
			isa = PBXVariantGroup;
			children = (
				BD6EFDF12782C8D300281D86 /* Base */,
			);
			name = LaunchScreen.storyboard;
			sourceTree = "<group>";
		};
/* End PBXVariantGroup section */

/* Begin XCBuildConfiguration section */
		BD6EFDF42782C8D300281D86 /* Debug */ = {
			isa = XCBuildConfiguration;
			buildSettings = {
				ALWAYS_SEARCH_USER_PATHS = NO;
				CLANG_ANALYZER_NONNULL = YES;
				CLANG_ANALYZER_NUMBER_OBJECT_CONVERSION = YES_AGGRESSIVE;
				CLANG_CXX_LANGUAGE_STANDARD = "gnu++14";
				CLANG_CXX_LIBRARY = "libc++";
				CLANG_ENABLE_MODULES = YES;
				CLANG_ENABLE_OBJC_ARC = YES;
				CLANG_ENABLE_OBJC_WEAK = YES;
				CLANG_WARN_BLOCK_CAPTURE_AUTORELEASING = YES;
				CLANG_WARN_BOOL_CONVERSION = YES;
				CLANG_WARN_COMMA = YES;
				CLANG_WARN_CONSTANT_CONVERSION = YES;
				CLANG_WARN_DEPRECATED_OBJC_IMPLEMENTATIONS = YES;
				CLANG_WARN_DIRECT_OBJC_ISA_USAGE = YES_ERROR;
				CLANG_WARN_DOCUMENTATION_COMMENTS = YES;
				CLANG_WARN_EMPTY_BODY = YES;
				CLANG_WARN_ENUM_CONVERSION = YES;
				CLANG_WARN_INFINITE_RECURSION = YES;
				CLANG_WARN_INT_CONVERSION = YES;
				CLANG_WARN_NON_LITERAL_NULL_CONVERSION = YES;
				CLANG_WARN_OBJC_IMPLICIT_RETAIN_SELF = YES;
				CLANG_WARN_OBJC_LITERAL_CONVERSION = YES;
				CLANG_WARN_OBJC_ROOT_CLASS = YES_ERROR;
				CLANG_WARN_QUOTED_INCLUDE_IN_FRAMEWORK_HEADER = YES;
				CLANG_WARN_RANGE_LOOP_ANALYSIS = YES;
				CLANG_WARN_STRICT_PROTOTYPES = YES;
				CLANG_WARN_SUSPICIOUS_MOVE = YES;
				CLANG_WARN_UNGUARDED_AVAILABILITY = YES_AGGRESSIVE;
				CLANG_WARN_UNREACHABLE_CODE = YES;
				CLANG_WARN__DUPLICATE_METHOD_MATCH = YES;
				COPY_PHASE_STRIP = NO;
				DEBUG_INFORMATION_FORMAT = dwarf;
				ENABLE_STRICT_OBJC_MSGSEND = YES;
				ENABLE_TESTABILITY = YES;
				GCC_C_LANGUAGE_STANDARD = gnu11;
				GCC_DYNAMIC_NO_PIC = NO;
				GCC_NO_COMMON_BLOCKS = YES;
				GCC_OPTIMIZATION_LEVEL = 0;
				GCC_PREPROCESSOR_DEFINITIONS = (
					"DEBUG=1",
					"$(inherited)",
				);
				GCC_WARN_64_TO_32_BIT_CONVERSION = YES;
				GCC_WARN_ABOUT_RETURN_TYPE = YES_ERROR;
				GCC_WARN_UNDECLARED_SELECTOR = YES;
				GCC_WARN_UNINITIALIZED_AUTOS = YES_AGGRESSIVE;
				GCC_WARN_UNUSED_FUNCTION = YES;
				GCC_WARN_UNUSED_VARIABLE = YES;
				IPHONEOS_DEPLOYMENT_TARGET = 14.5;
				MTL_ENABLE_DEBUG_INFO = INCLUDE_SOURCE;
				MTL_FAST_MATH = YES;
				ONLY_ACTIVE_ARCH = YES;
				SDKROOT = iphoneos;
				SWIFT_ACTIVE_COMPILATION_CONDITIONS = DEBUG;
				SWIFT_OPTIMIZATION_LEVEL = "-Onone";
			};
			name = Debug;
		};
		BD6EFDF52782C8D300281D86 /* Release */ = {
			isa = XCBuildConfiguration;
			buildSettings = {
				ALWAYS_SEARCH_USER_PATHS = NO;
				CLANG_ANALYZER_NONNULL = YES;
				CLANG_ANALYZER_NUMBER_OBJECT_CONVERSION = YES_AGGRESSIVE;
				CLANG_CXX_LANGUAGE_STANDARD = "gnu++14";
				CLANG_CXX_LIBRARY = "libc++";
				CLANG_ENABLE_MODULES = YES;
				CLANG_ENABLE_OBJC_ARC = YES;
				CLANG_ENABLE_OBJC_WEAK = YES;
				CLANG_WARN_BLOCK_CAPTURE_AUTORELEASING = YES;
				CLANG_WARN_BOOL_CONVERSION = YES;
				CLANG_WARN_COMMA = YES;
				CLANG_WARN_CONSTANT_CONVERSION = YES;
				CLANG_WARN_DEPRECATED_OBJC_IMPLEMENTATIONS = YES;
				CLANG_WARN_DIRECT_OBJC_ISA_USAGE = YES_ERROR;
				CLANG_WARN_DOCUMENTATION_COMMENTS = YES;
				CLANG_WARN_EMPTY_BODY = YES;
				CLANG_WARN_ENUM_CONVERSION = YES;
				CLANG_WARN_INFINITE_RECURSION = YES;
				CLANG_WARN_INT_CONVERSION = YES;
				CLANG_WARN_NON_LITERAL_NULL_CONVERSION = YES;
				CLANG_WARN_OBJC_IMPLICIT_RETAIN_SELF = YES;
				CLANG_WARN_OBJC_LITERAL_CONVERSION = YES;
				CLANG_WARN_OBJC_ROOT_CLASS = YES_ERROR;
				CLANG_WARN_QUOTED_INCLUDE_IN_FRAMEWORK_HEADER = YES;
				CLANG_WARN_RANGE_LOOP_ANALYSIS = YES;
				CLANG_WARN_STRICT_PROTOTYPES = YES;
				CLANG_WARN_SUSPICIOUS_MOVE = YES;
				CLANG_WARN_UNGUARDED_AVAILABILITY = YES_AGGRESSIVE;
				CLANG_WARN_UNREACHABLE_CODE = YES;
				CLANG_WARN__DUPLICATE_METHOD_MATCH = YES;
				COPY_PHASE_STRIP = NO;
				DEBUG_INFORMATION_FORMAT = "dwarf-with-dsym";
				ENABLE_NS_ASSERTIONS = NO;
				ENABLE_STRICT_OBJC_MSGSEND = YES;
				GCC_C_LANGUAGE_STANDARD = gnu11;
				GCC_NO_COMMON_BLOCKS = YES;
				GCC_WARN_64_TO_32_BIT_CONVERSION = YES;
				GCC_WARN_ABOUT_RETURN_TYPE = YES_ERROR;
				GCC_WARN_UNDECLARED_SELECTOR = YES;
				GCC_WARN_UNINITIALIZED_AUTOS = YES_AGGRESSIVE;
				GCC_WARN_UNUSED_FUNCTION = YES;
				GCC_WARN_UNUSED_VARIABLE = YES;
				IPHONEOS_DEPLOYMENT_TARGET = 14.5;
				MTL_ENABLE_DEBUG_INFO = NO;
				MTL_FAST_MATH = YES;
				SDKROOT = iphoneos;
				SWIFT_COMPILATION_MODE = wholemodule;
				SWIFT_OPTIMIZATION_LEVEL = "-O";
				VALIDATE_PRODUCT = YES;
			};
			name = Release;
		};
		BD6EFDF72782C8D300281D86 /* Debug */ = {
			isa = XCBuildConfiguration;
			buildSettings = {
				ASSETCATALOG_COMPILER_APPICON_NAME = AppIcon;
				ASSETCATALOG_COMPILER_GLOBAL_ACCENT_COLOR_NAME = AccentColor;
				CODE_SIGN_STYLE = Automatic;
				DEVELOPMENT_TEAM = B77F775TG9;
				INFOPLIST_FILE = rokuontest/Info.plist;
				LD_RUNPATH_SEARCH_PATHS = (
					"$(inherited)",
					"@executable_path/Frameworks",
				);
				PRODUCT_BUNDLE_IDENTIFIER = jp.techacademy.GitMi.Hub.rokuontest;
				PRODUCT_NAME = "$(TARGET_NAME)";
				SWIFT_VERSION = 5.0;
				TARGETED_DEVICE_FAMILY = "1,2";
			};
			name = Debug;
		};
		BD6EFDF82782C8D300281D86 /* Release */ = {
			isa = XCBuildConfiguration;
			buildSettings = {
				ASSETCATALOG_COMPILER_APPICON_NAME = AppIcon;
				ASSETCATALOG_COMPILER_GLOBAL_ACCENT_COLOR_NAME = AccentColor;
				CODE_SIGN_STYLE = Automatic;
				DEVELOPMENT_TEAM = B77F775TG9;
				INFOPLIST_FILE = rokuontest/Info.plist;
				LD_RUNPATH_SEARCH_PATHS = (
					"$(inherited)",
					"@executable_path/Frameworks",
				);
				PRODUCT_BUNDLE_IDENTIFIER = jp.techacademy.GitMi.Hub.rokuontest;
				PRODUCT_NAME = "$(TARGET_NAME)";
				SWIFT_VERSION = 5.0;
				TARGETED_DEVICE_FAMILY = "1,2";
			};
			name = Release;
		};
/* End XCBuildConfiguration section */

/* Begin XCConfigurationList section */
		BD6EFDDD2782C8D300281D86 /* Build configuration list for PBXProject "rokuontest" */ = {
			isa = XCConfigurationList;
			buildConfigurations = (
				BD6EFDF42782C8D300281D86 /* Debug */,
				BD6EFDF52782C8D300281D86 /* Release */,
			);
			defaultConfigurationIsVisible = 0;
			defaultConfigurationName = Release;
		};
		BD6EFDF62782C8D300281D86 /* Build configuration list for PBXNativeTarget "rokuontest" */ = {
			isa = XCConfigurationList;
			buildConfigurations = (
				BD6EFDF72782C8D300281D86 /* Debug */,
				BD6EFDF82782C8D300281D86 /* Release */,
			);
			defaultConfigurationIsVisible = 0;
			defaultConfigurationName = Release;
		};
/* End XCConfigurationList section */
	};
	rootObject = BD6EFDDA2782C8D300281D86 /* Project object */;
}
